// !$*UTF8*$!
{
	archiveVersion = 1;
	classes = {
	};
	objectVersion = 46;
	objects = {

/* Begin PBXBuildFile section */
		1B9852B41922338000C32A5B /* Foundation.framework in Frameworks */ = {isa = PBXBuildFile; fileRef = 1B9852B31922338000C32A5B /* Foundation.framework */; };
		1B9852B61922338000C32A5B /* CoreGraphics.framework in Frameworks */ = {isa = PBXBuildFile; fileRef = 1B9852B51922338000C32A5B /* CoreGraphics.framework */; };
		1B9852B81922338000C32A5B /* UIKit.framework in Frameworks */ = {isa = PBXBuildFile; fileRef = 1B9852B71922338000C32A5B /* UIKit.framework */; };
		1B9852BE1922338000C32A5B /* InfoPlist.strings in Resources */ = {isa = PBXBuildFile; fileRef = 1B9852BC1922338000C32A5B /* InfoPlist.strings */; };
		1B9852C01922338000C32A5B /* main.m in Sources */ = {isa = PBXBuildFile; fileRef = 1B9852BF1922338000C32A5B /* main.m */; };
		1B9852C41922338000C32A5B /* AppDelegate.m in Sources */ = {isa = PBXBuildFile; fileRef = 1B9852C31922338000C32A5B /* AppDelegate.m */; };
		1B9852C71922338000C32A5B /* Main_iPhone.storyboard in Resources */ = {isa = PBXBuildFile; fileRef = 1B9852C51922338000C32A5B /* Main_iPhone.storyboard */; };
		1B9852CA1922338000C32A5B /* Main_iPad.storyboard in Resources */ = {isa = PBXBuildFile; fileRef = 1B9852C81922338000C32A5B /* Main_iPad.storyboard */; };
		1B9852CD1922338000C32A5B /* ViewController.m in Sources */ = {isa = PBXBuildFile; fileRef = 1B9852CC1922338000C32A5B /* ViewController.m */; };
		1B9852CF1922338000C32A5B /* Images.xcassets in Resources */ = {isa = PBXBuildFile; fileRef = 1B9852CE1922338000C32A5B /* Images.xcassets */; };
		1B9852D61922338000C32A5B /* XCTest.framework in Frameworks */ = {isa = PBXBuildFile; fileRef = 1B9852D51922338000C32A5B /* XCTest.framework */; };
		1B9852D71922338000C32A5B /* Foundation.framework in Frameworks */ = {isa = PBXBuildFile; fileRef = 1B9852B31922338000C32A5B /* Foundation.framework */; };
		1B9852D81922338000C32A5B /* UIKit.framework in Frameworks */ = {isa = PBXBuildFile; fileRef = 1B9852B71922338000C32A5B /* UIKit.framework */; };
		1B9852E01922338000C32A5B /* InfoPlist.strings in Resources */ = {isa = PBXBuildFile; fileRef = 1B9852DE1922338000C32A5B /* InfoPlist.strings */; };
		1B9852E21922338000C32A5B /* HockeySDKTests.m in Sources */ = {isa = PBXBuildFile; fileRef = 1B9852E11922338000C32A5B /* HockeySDKTests.m */; };
		1B9852F7192234B700C32A5B /* CHANGELOG in Resources */ = {isa = PBXBuildFile; fileRef = 1B9852EE192234B700C32A5B /* CHANGELOG */; };
		1B9852F8192234B700C32A5B /* de.bitstadium.HockeySDK-iOS-3.5.4.docset in Resources */ = {isa = PBXBuildFile; fileRef = 1B9852EF192234B700C32A5B /* de.bitstadium.HockeySDK-iOS-3.5.4.docset */; };
		1B9852F9192234B700C32A5B /* HockeySDK.framework in Frameworks */ = {isa = PBXBuildFile; fileRef = 1B9852F1192234B700C32A5B /* HockeySDK.framework */; };
		1B9852FA192234B700C32A5B /* HockeySDK.xcconfig in Resources */ = {isa = PBXBuildFile; fileRef = 1B9852F3192234B700C32A5B /* HockeySDK.xcconfig */; };
		1B9852FB192234B700C32A5B /* HockeySDKResources.bundle in Resources */ = {isa = PBXBuildFile; fileRef = 1B9852F4192234B700C32A5B /* HockeySDKResources.bundle */; };
		1B9852FC192234B700C32A5B /* LICENSE in Resources */ = {isa = PBXBuildFile; fileRef = 1B9852F5192234B700C32A5B /* LICENSE */; };
		1B9852FD192234B700C32A5B /* README.md in Resources */ = {isa = PBXBuildFile; fileRef = 1B9852F6192234B700C32A5B /* README.md */; };
		1B9852FF192234C100C32A5B /* Security.framework in Frameworks */ = {isa = PBXBuildFile; fileRef = 1B9852FE192234C100C32A5B /* Security.framework */; };
		1B985301192234C600C32A5B /* CoreText.framework in Frameworks */ = {isa = PBXBuildFile; fileRef = 1B985300192234C600C32A5B /* CoreText.framework */; };
		1B985303192234CE00C32A5B /* SystemConfiguration.framework in Frameworks */ = {isa = PBXBuildFile; fileRef = 1B985302192234CE00C32A5B /* SystemConfiguration.framework */; };
		1B985305192234D200C32A5B /* QuartzCore.framework in Frameworks */ = {isa = PBXBuildFile; fileRef = 1B985304192234D200C32A5B /* QuartzCore.framework */; };
/* End PBXBuildFile section */

/* Begin PBXContainerItemProxy section */
		1B9852D91922338000C32A5B /* PBXContainerItemProxy */ = {
			isa = PBXContainerItemProxy;
			containerPortal = 1B9852A81922338000C32A5B /* Project object */;
			proxyType = 1;
			remoteGlobalIDString = 1B9852AF1922338000C32A5B;
			remoteInfo = HockeySDK;
		};
/* End PBXContainerItemProxy section */

/* Begin PBXFileReference section */
		1B9852B01922338000C32A5B /* HockeySDK.app */ = {isa = PBXFileReference; explicitFileType = wrapper.application; includeInIndex = 0; path = HockeySDK.app; sourceTree = BUILT_PRODUCTS_DIR; };
		1B9852B31922338000C32A5B /* Foundation.framework */ = {isa = PBXFileReference; lastKnownFileType = wrapper.framework; name = Foundation.framework; path = System/Library/Frameworks/Foundation.framework; sourceTree = SDKROOT; };
		1B9852B51922338000C32A5B /* CoreGraphics.framework */ = {isa = PBXFileReference; lastKnownFileType = wrapper.framework; name = CoreGraphics.framework; path = System/Library/Frameworks/CoreGraphics.framework; sourceTree = SDKROOT; };
		1B9852B71922338000C32A5B /* UIKit.framework */ = {isa = PBXFileReference; lastKnownFileType = wrapper.framework; name = UIKit.framework; path = System/Library/Frameworks/UIKit.framework; sourceTree = SDKROOT; };
		1B9852BB1922338000C32A5B /* HockeySDK-Info.plist */ = {isa = PBXFileReference; lastKnownFileType = text.plist.xml; path = "HockeySDK-Info.plist"; sourceTree = "<group>"; };
		1B9852BD1922338000C32A5B /* en */ = {isa = PBXFileReference; lastKnownFileType = text.plist.strings; name = en; path = en.lproj/InfoPlist.strings; sourceTree = "<group>"; };
		1B9852BF1922338000C32A5B /* main.m */ = {isa = PBXFileReference; lastKnownFileType = sourcecode.c.objc; path = main.m; sourceTree = "<group>"; };
		1B9852C11922338000C32A5B /* HockeySDK-Prefix.pch */ = {isa = PBXFileReference; lastKnownFileType = sourcecode.c.h; path = "HockeySDK-Prefix.pch"; sourceTree = "<group>"; };
		1B9852C21922338000C32A5B /* AppDelegate.h */ = {isa = PBXFileReference; lastKnownFileType = sourcecode.c.h; path = AppDelegate.h; sourceTree = "<group>"; };
		1B9852C31922338000C32A5B /* AppDelegate.m */ = {isa = PBXFileReference; lastKnownFileType = sourcecode.c.objc; path = AppDelegate.m; sourceTree = "<group>"; };
		1B9852C61922338000C32A5B /* Base */ = {isa = PBXFileReference; lastKnownFileType = file.storyboard; name = Base; path = Base.lproj/Main_iPhone.storyboard; sourceTree = "<group>"; };
		1B9852C91922338000C32A5B /* Base */ = {isa = PBXFileReference; lastKnownFileType = file.storyboard; name = Base; path = Base.lproj/Main_iPad.storyboard; sourceTree = "<group>"; };
		1B9852CB1922338000C32A5B /* ViewController.h */ = {isa = PBXFileReference; lastKnownFileType = sourcecode.c.h; path = ViewController.h; sourceTree = "<group>"; };
		1B9852CC1922338000C32A5B /* ViewController.m */ = {isa = PBXFileReference; lastKnownFileType = sourcecode.c.objc; path = ViewController.m; sourceTree = "<group>"; };
		1B9852CE1922338000C32A5B /* Images.xcassets */ = {isa = PBXFileReference; lastKnownFileType = folder.assetcatalog; path = Images.xcassets; sourceTree = "<group>"; };
		1B9852D41922338000C32A5B /* HockeySDKTests.xctest */ = {isa = PBXFileReference; explicitFileType = wrapper.cfbundle; includeInIndex = 0; path = HockeySDKTests.xctest; sourceTree = BUILT_PRODUCTS_DIR; };
		1B9852D51922338000C32A5B /* XCTest.framework */ = {isa = PBXFileReference; lastKnownFileType = wrapper.framework; name = XCTest.framework; path = Library/Frameworks/XCTest.framework; sourceTree = DEVELOPER_DIR; };
		1B9852DD1922338000C32A5B /* HockeySDKTests-Info.plist */ = {isa = PBXFileReference; lastKnownFileType = text.plist.xml; path = "HockeySDKTests-Info.plist"; sourceTree = "<group>"; };
		1B9852DF1922338000C32A5B /* en */ = {isa = PBXFileReference; lastKnownFileType = text.plist.strings; name = en; path = en.lproj/InfoPlist.strings; sourceTree = "<group>"; };
		1B9852E11922338000C32A5B /* HockeySDKTests.m */ = {isa = PBXFileReference; lastKnownFileType = sourcecode.c.objc; path = HockeySDKTests.m; sourceTree = "<group>"; };
		1B9852EE192234B700C32A5B /* CHANGELOG */ = {isa = PBXFileReference; fileEncoding = 4; lastKnownFileType = text; path = CHANGELOG; sourceTree = "<group>"; };
		1B9852EF192234B700C32A5B /* de.bitstadium.HockeySDK-iOS-3.5.4.docset */ = {isa = PBXFileReference; lastKnownFileType = wrapper; path = "de.bitstadium.HockeySDK-iOS-3.5.4.docset"; sourceTree = "<group>"; };
		1B9852F1192234B700C32A5B /* HockeySDK.framework */ = {isa = PBXFileReference; lastKnownFileType = wrapper.framework; path = HockeySDK.framework; sourceTree = "<group>"; };
		1B9852F3192234B700C32A5B /* HockeySDK.xcconfig */ = {isa = PBXFileReference; fileEncoding = 4; lastKnownFileType = text.xcconfig; path = HockeySDK.xcconfig; sourceTree = "<group>"; };
		1B9852F4192234B700C32A5B /* HockeySDKResources.bundle */ = {isa = PBXFileReference; lastKnownFileType = "wrapper.plug-in"; path = HockeySDKResources.bundle; sourceTree = "<group>"; };
		1B9852F5192234B700C32A5B /* LICENSE */ = {isa = PBXFileReference; fileEncoding = 4; lastKnownFileType = text; path = LICENSE; sourceTree = "<group>"; };
		1B9852F6192234B700C32A5B /* README.md */ = {isa = PBXFileReference; fileEncoding = 4; lastKnownFileType = text; path = README.md; sourceTree = "<group>"; };
		1B9852FE192234C100C32A5B /* Security.framework */ = {isa = PBXFileReference; lastKnownFileType = wrapper.framework; name = Security.framework; path = System/Library/Frameworks/Security.framework; sourceTree = SDKROOT; };
		1B985300192234C600C32A5B /* CoreText.framework */ = {isa = PBXFileReference; lastKnownFileType = wrapper.framework; name = CoreText.framework; path = System/Library/Frameworks/CoreText.framework; sourceTree = SDKROOT; };
		1B985302192234CE00C32A5B /* SystemConfiguration.framework */ = {isa = PBXFileReference; lastKnownFileType = wrapper.framework; name = SystemConfiguration.framework; path = System/Library/Frameworks/SystemConfiguration.framework; sourceTree = SDKROOT; };
		1B985304192234D200C32A5B /* QuartzCore.framework */ = {isa = PBXFileReference; lastKnownFileType = wrapper.framework; name = QuartzCore.framework; path = System/Library/Frameworks/QuartzCore.framework; sourceTree = SDKROOT; };
/* End PBXFileReference section */

/* Begin PBXFrameworksBuildPhase section */
		1B9852AD1922338000C32A5B /* Frameworks */ = {
			isa = PBXFrameworksBuildPhase;
			buildActionMask = 2147483647;
			files = (
				1B985305192234D200C32A5B /* QuartzCore.framework in Frameworks */,
				1B985303192234CE00C32A5B /* SystemConfiguration.framework in Frameworks */,
				1B985301192234C600C32A5B /* CoreText.framework in Frameworks */,
				1B9852FF192234C100C32A5B /* Security.framework in Frameworks */,
				1B9852F9192234B700C32A5B /* HockeySDK.framework in Frameworks */,
				1B9852B61922338000C32A5B /* CoreGraphics.framework in Frameworks */,
				1B9852B81922338000C32A5B /* UIKit.framework in Frameworks */,
				1B9852B41922338000C32A5B /* Foundation.framework in Frameworks */,
			);
			runOnlyForDeploymentPostprocessing = 0;
		};
		1B9852D11922338000C32A5B /* Frameworks */ = {
			isa = PBXFrameworksBuildPhase;
			buildActionMask = 2147483647;
			files = (
				1B9852D61922338000C32A5B /* XCTest.framework in Frameworks */,
				1B9852D81922338000C32A5B /* UIKit.framework in Frameworks */,
				1B9852D71922338000C32A5B /* Foundation.framework in Frameworks */,
			);
			runOnlyForDeploymentPostprocessing = 0;
		};
/* End PBXFrameworksBuildPhase section */

/* Begin PBXGroup section */
		1B9852A71922338000C32A5B = {
			isa = PBXGroup;
			children = (
				1B9852B91922338000C32A5B /* HockeySDK */,
				1B9852DB1922338000C32A5B /* HockeySDKTests */,
				1B9852B21922338000C32A5B /* Frameworks */,
				1B9852B11922338000C32A5B /* Products */,
			);
			sourceTree = "<group>";
		};
		1B9852B11922338000C32A5B /* Products */ = {
			isa = PBXGroup;
			children = (
				1B9852B01922338000C32A5B /* HockeySDK.app */,
				1B9852D41922338000C32A5B /* HockeySDKTests.xctest */,
			);
			name = Products;
			sourceTree = "<group>";
		};
		1B9852B21922338000C32A5B /* Frameworks */ = {
			isa = PBXGroup;
			children = (
				1B985304192234D200C32A5B /* QuartzCore.framework */,
				1B985302192234CE00C32A5B /* SystemConfiguration.framework */,
				1B985300192234C600C32A5B /* CoreText.framework */,
				1B9852FE192234C100C32A5B /* Security.framework */,
				1B9852B31922338000C32A5B /* Foundation.framework */,
				1B9852B51922338000C32A5B /* CoreGraphics.framework */,
				1B9852B71922338000C32A5B /* UIKit.framework */,
				1B9852D51922338000C32A5B /* XCTest.framework */,
			);
			name = Frameworks;
			sourceTree = "<group>";
		};
		1B9852B91922338000C32A5B /* HockeySDK */ = {
			isa = PBXGroup;
			children = (
				1B9852ED192234B700C32A5B /* HockeySDK-iOS */,
				1B9852C21922338000C32A5B /* AppDelegate.h */,
				1B9852C31922338000C32A5B /* AppDelegate.m */,
				1B9852C51922338000C32A5B /* Main_iPhone.storyboard */,
				1B9852C81922338000C32A5B /* Main_iPad.storyboard */,
				1B9852CB1922338000C32A5B /* ViewController.h */,
				1B9852CC1922338000C32A5B /* ViewController.m */,
				1B9852CE1922338000C32A5B /* Images.xcassets */,
				1B9852BA1922338000C32A5B /* Supporting Files */,
			);
			path = HockeySDK;
			sourceTree = "<group>";
		};
		1B9852BA1922338000C32A5B /* Supporting Files */ = {
			isa = PBXGroup;
			children = (
				1B9852BB1922338000C32A5B /* HockeySDK-Info.plist */,
				1B9852BC1922338000C32A5B /* InfoPlist.strings */,
				1B9852BF1922338000C32A5B /* main.m */,
				1B9852C11922338000C32A5B /* HockeySDK-Prefix.pch */,
			);
			name = "Supporting Files";
			sourceTree = "<group>";
		};
		1B9852DB1922338000C32A5B /* HockeySDKTests */ = {
			isa = PBXGroup;
			children = (
				1B9852E11922338000C32A5B /* HockeySDKTests.m */,
				1B9852DC1922338000C32A5B /* Supporting Files */,
			);
			path = HockeySDKTests;
			sourceTree = "<group>";
		};
		1B9852DC1922338000C32A5B /* Supporting Files */ = {
			isa = PBXGroup;
			children = (
				1B9852DD1922338000C32A5B /* HockeySDKTests-Info.plist */,
				1B9852DE1922338000C32A5B /* InfoPlist.strings */,
			);
			name = "Supporting Files";
			sourceTree = "<group>";
		};
		1B9852ED192234B700C32A5B /* HockeySDK-iOS */ = {
			isa = PBXGroup;
			children = (
				1B9852EE192234B700C32A5B /* CHANGELOG */,
				1B9852EF192234B700C32A5B /* de.bitstadium.HockeySDK-iOS-3.5.4.docset */,
				1B9852F0192234B700C32A5B /* HockeySDK.embeddedframework */,
				1B9852F5192234B700C32A5B /* LICENSE */,
				1B9852F6192234B700C32A5B /* README.md */,
			);
			path = "HockeySDK-iOS";
			sourceTree = "<group>";
		};
		1B9852F0192234B700C32A5B /* HockeySDK.embeddedframework */ = {
			isa = PBXGroup;
			children = (
				1B9852F1192234B700C32A5B /* HockeySDK.framework */,
				1B9852F2192234B700C32A5B /* Resources */,
			);
			path = HockeySDK.embeddedframework;
			sourceTree = "<group>";
		};
		1B9852F2192234B700C32A5B /* Resources */ = {
			isa = PBXGroup;
			children = (
				1B9852F3192234B700C32A5B /* HockeySDK.xcconfig */,
				1B9852F4192234B700C32A5B /* HockeySDKResources.bundle */,
			);
			path = Resources;
			sourceTree = "<group>";
		};
/* End PBXGroup section */

/* Begin PBXNativeTarget section */
		1B9852AF1922338000C32A5B /* HockeySDK */ = {
			isa = PBXNativeTarget;
			buildConfigurationList = 1B9852E51922338000C32A5B /* Build configuration list for PBXNativeTarget "HockeySDK" */;
			buildPhases = (
				1B9852AC1922338000C32A5B /* Sources */,
				1B9852AD1922338000C32A5B /* Frameworks */,
				1B9852AE1922338000C32A5B /* Resources */,
				1B9852EC1922349600C32A5B /* ShellScript */,
			);
			buildRules = (
			);
			dependencies = (
			);
			name = HockeySDK;
			productName = HockeySDK;
			productReference = 1B9852B01922338000C32A5B /* HockeySDK.app */;
			productType = "com.apple.product-type.application";
		};
		1B9852D31922338000C32A5B /* HockeySDKTests */ = {
			isa = PBXNativeTarget;
			buildConfigurationList = 1B9852E81922338000C32A5B /* Build configuration list for PBXNativeTarget "HockeySDKTests" */;
			buildPhases = (
				1B9852D01922338000C32A5B /* Sources */,
				1B9852D11922338000C32A5B /* Frameworks */,
				1B9852D21922338000C32A5B /* Resources */,
			);
			buildRules = (
			);
			dependencies = (
				1B9852DA1922338000C32A5B /* PBXTargetDependency */,
			);
			name = HockeySDKTests;
			productName = HockeySDKTests;
			productReference = 1B9852D41922338000C32A5B /* HockeySDKTests.xctest */;
			productType = "com.apple.product-type.bundle.unit-test";
		};
/* End PBXNativeTarget section */

/* Begin PBXProject section */
		1B9852A81922338000C32A5B /* Project object */ = {
			isa = PBXProject;
			attributes = {
				LastUpgradeCheck = 0510;
				ORGANIZATIONNAME = YASH;
				TargetAttributes = {
					1B9852D31922338000C32A5B = {
						TestTargetID = 1B9852AF1922338000C32A5B;
					};
				};
			};
			buildConfigurationList = 1B9852AB1922338000C32A5B /* Build configuration list for PBXProject "HockeySDK" */;
			compatibilityVersion = "Xcode 3.2";
			developmentRegion = English;
			hasScannedForEncodings = 0;
			knownRegions = (
				en,
				Base,
			);
			mainGroup = 1B9852A71922338000C32A5B;
			productRefGroup = 1B9852B11922338000C32A5B /* Products */;
			projectDirPath = "";
			projectRoot = "";
			targets = (
				1B9852AF1922338000C32A5B /* HockeySDK */,
				1B9852D31922338000C32A5B /* HockeySDKTests */,
			);
		};
/* End PBXProject section */

/* Begin PBXResourcesBuildPhase section */
		1B9852AE1922338000C32A5B /* Resources */ = {
			isa = PBXResourcesBuildPhase;
			buildActionMask = 2147483647;
			files = (
				1B9852CA1922338000C32A5B /* Main_iPad.storyboard in Resources */,
				1B9852FB192234B700C32A5B /* HockeySDKResources.bundle in Resources */,
				1B9852FD192234B700C32A5B /* README.md in Resources */,
				1B9852CF1922338000C32A5B /* Images.xcassets in Resources */,
				1B9852C71922338000C32A5B /* Main_iPhone.storyboard in Resources */,
				1B9852BE1922338000C32A5B /* InfoPlist.strings in Resources */,
				1B9852F7192234B700C32A5B /* CHANGELOG in Resources */,
				1B9852FC192234B700C32A5B /* LICENSE in Resources */,
				1B9852F8192234B700C32A5B /* de.bitstadium.HockeySDK-iOS-3.5.4.docset in Resources */,
				1B9852FA192234B700C32A5B /* HockeySDK.xcconfig in Resources */,
			);
			runOnlyForDeploymentPostprocessing = 0;
		};
		1B9852D21922338000C32A5B /* Resources */ = {
			isa = PBXResourcesBuildPhase;
			buildActionMask = 2147483647;
			files = (
				1B9852E01922338000C32A5B /* InfoPlist.strings in Resources */,
			);
			runOnlyForDeploymentPostprocessing = 0;
		};
/* End PBXResourcesBuildPhase section */

/* Begin PBXShellScriptBuildPhase section */
		1B9852EC1922349600C32A5B /* ShellScript */ = {
			isa = PBXShellScriptBuildPhase;
			buildActionMask = 8;
			files = (
			);
			inputPaths = (
			);
			outputPaths = (
			);
			runOnlyForDeploymentPostprocessing = 1;
			shellPath = /bin/sh;
			shellScript = "# This splits a two-decimal version string, such as \"0.45.123\", allowing us to increment the third position.\n\nVERSIONNUM=$(/usr/libexec/PlistBuddy -c \"Print CFBundleShortVersionString\" \"${PROJECT_DIR}/${INFOPLIST_FILE}\")\n\nNEWSUBVERSION=`echo $VERSIONNUM | awk -F \".\" '{print $3}'`\n\nNEWSUBVERSION=$(($NEWSUBVERSION + 1))\n\nNEWVERSIONSTRING=`echo $VERSIONNUM | awk -F \".\" '{print $1 \".\" $2 \".'$NEWSUBVERSION'\" }'`\n\n/usr/libexec/PlistBuddy -c \"Set :CFBundleShortVersionString $NEWVERSIONSTRING\" \"${PROJECT_DIR}/${INFOPLIST_FILE}\"";
			showEnvVarsInLog = 0;
		};
/* End PBXShellScriptBuildPhase section */

/* Begin PBXSourcesBuildPhase section */
		1B9852AC1922338000C32A5B /* Sources */ = {
			isa = PBXSourcesBuildPhase;
			buildActionMask = 2147483647;
			files = (
				1B9852CD1922338000C32A5B /* ViewController.m in Sources */,
				1B9852C41922338000C32A5B /* AppDelegate.m in Sources */,
				1B9852C01922338000C32A5B /* main.m in Sources */,
			);
			runOnlyForDeploymentPostprocessing = 0;
		};
		1B9852D01922338000C32A5B /* Sources */ = {
			isa = PBXSourcesBuildPhase;
			buildActionMask = 2147483647;
			files = (
				1B9852E21922338000C32A5B /* HockeySDKTests.m in Sources */,
			);
			runOnlyForDeploymentPostprocessing = 0;
		};
/* End PBXSourcesBuildPhase section */

/* Begin PBXTargetDependency section */
		1B9852DA1922338000C32A5B /* PBXTargetDependency */ = {
			isa = PBXTargetDependency;
			target = 1B9852AF1922338000C32A5B /* HockeySDK */;
			targetProxy = 1B9852D91922338000C32A5B /* PBXContainerItemProxy */;
		};
/* End PBXTargetDependency section */

/* Begin PBXVariantGroup section */
		1B9852BC1922338000C32A5B /* InfoPlist.strings */ = {
			isa = PBXVariantGroup;
			children = (
				1B9852BD1922338000C32A5B /* en */,
			);
			name = InfoPlist.strings;
			sourceTree = "<group>";
		};
		1B9852C51922338000C32A5B /* Main_iPhone.storyboard */ = {
			isa = PBXVariantGroup;
			children = (
				1B9852C61922338000C32A5B /* Base */,
			);
			name = Main_iPhone.storyboard;
			sourceTree = "<group>";
		};
		1B9852C81922338000C32A5B /* Main_iPad.storyboard */ = {
			isa = PBXVariantGroup;
			children = (
				1B9852C91922338000C32A5B /* Base */,
			);
			name = Main_iPad.storyboard;
			sourceTree = "<group>";
		};
		1B9852DE1922338000C32A5B /* InfoPlist.strings */ = {
			isa = PBXVariantGroup;
			children = (
				1B9852DF1922338000C32A5B /* en */,
			);
			name = InfoPlist.strings;
			sourceTree = "<group>";
		};
/* End PBXVariantGroup section */

/* Begin XCBuildConfiguration section */
		1B9852E31922338000C32A5B /* Debug */ = {
			isa = XCBuildConfiguration;
			buildSettings = {
				ALWAYS_SEARCH_USER_PATHS = NO;
				CLANG_CXX_LANGUAGE_STANDARD = "gnu++0x";
				CLANG_CXX_LIBRARY = "libc++";
				CLANG_ENABLE_MODULES = YES;
				CLANG_ENABLE_OBJC_ARC = YES;
				CLANG_WARN_BOOL_CONVERSION = YES;
				CLANG_WARN_CONSTANT_CONVERSION = YES;
				CLANG_WARN_DIRECT_OBJC_ISA_USAGE = YES_ERROR;
				CLANG_WARN_EMPTY_BODY = YES;
				CLANG_WARN_ENUM_CONVERSION = YES;
				CLANG_WARN_INT_CONVERSION = YES;
				CLANG_WARN_OBJC_ROOT_CLASS = YES_ERROR;
				CLANG_WARN__DUPLICATE_METHOD_MATCH = YES;
				"CODE_SIGN_IDENTITY[sdk=iphoneos*]" = "iPhone Developer";
				COPY_PHASE_STRIP = NO;
				GCC_C_LANGUAGE_STANDARD = gnu99;
				GCC_DYNAMIC_NO_PIC = NO;
				GCC_OPTIMIZATION_LEVEL = 0;
				GCC_PREPROCESSOR_DEFINITIONS = (
					"DEBUG=1",
					"$(inherited)",
				);
				GCC_SYMBOLS_PRIVATE_EXTERN = NO;
				GCC_WARN_64_TO_32_BIT_CONVERSION = YES;
				GCC_WARN_ABOUT_RETURN_TYPE = YES_ERROR;
				GCC_WARN_UNDECLARED_SELECTOR = YES;
				GCC_WARN_UNINITIALIZED_AUTOS = YES_AGGRESSIVE;
				GCC_WARN_UNUSED_FUNCTION = YES;
				GCC_WARN_UNUSED_VARIABLE = YES;
				IPHONEOS_DEPLOYMENT_TARGET = 7.1;
				ONLY_ACTIVE_ARCH = YES;
				SDKROOT = iphoneos;
				TARGETED_DEVICE_FAMILY = "1,2";
			};
			name = Debug;
		};
		1B9852E41922338000C32A5B /* Release */ = {
			isa = XCBuildConfiguration;
			buildSettings = {
				ALWAYS_SEARCH_USER_PATHS = NO;
				CLANG_CXX_LANGUAGE_STANDARD = "gnu++0x";
				CLANG_CXX_LIBRARY = "libc++";
				CLANG_ENABLE_MODULES = YES;
				CLANG_ENABLE_OBJC_ARC = YES;
				CLANG_WARN_BOOL_CONVERSION = YES;
				CLANG_WARN_CONSTANT_CONVERSION = YES;
				CLANG_WARN_DIRECT_OBJC_ISA_USAGE = YES_ERROR;
				CLANG_WARN_EMPTY_BODY = YES;
				CLANG_WARN_ENUM_CONVERSION = YES;
				CLANG_WARN_INT_CONVERSION = YES;
				CLANG_WARN_OBJC_ROOT_CLASS = YES_ERROR;
				CLANG_WARN__DUPLICATE_METHOD_MATCH = YES;
				"CODE_SIGN_IDENTITY[sdk=iphoneos*]" = "iPhone Developer";
				COPY_PHASE_STRIP = YES;
				ENABLE_NS_ASSERTIONS = NO;
				GCC_C_LANGUAGE_STANDARD = gnu99;
				GCC_WARN_64_TO_32_BIT_CONVERSION = YES;
				GCC_WARN_ABOUT_RETURN_TYPE = YES_ERROR;
				GCC_WARN_UNDECLARED_SELECTOR = YES;
				GCC_WARN_UNINITIALIZED_AUTOS = YES_AGGRESSIVE;
				GCC_WARN_UNUSED_FUNCTION = YES;
				GCC_WARN_UNUSED_VARIABLE = YES;
				IPHONEOS_DEPLOYMENT_TARGET = 7.1;
				SDKROOT = iphoneos;
				TARGETED_DEVICE_FAMILY = "1,2";
				VALIDATE_PRODUCT = YES;
			};
			name = Release;
		};
		1B9852E61922338000C32A5B /* Debug */ = {
			isa = XCBuildConfiguration;
			buildSettings = {
				ASSETCATALOG_COMPILER_APPICON_NAME = AppIcon;
				ASSETCATALOG_COMPILER_LAUNCHIMAGE_NAME = LaunchImage;
				CODE_SIGN_IDENTITY = "iPhone Developer: Parvez Ali (EQQJ7L82R6)";
				FRAMEWORK_SEARCH_PATHS = (
					"$(inherited)",
					"$(PROJECT_DIR)/HockeySDK/HockeySDK-iOS/HockeySDK.embeddedframework",
				);
				GCC_PRECOMPILE_PREFIX_HEADER = YES;
				GCC_PREFIX_HEADER = "HockeySDK/HockeySDK-Prefix.pch";
				INFOPLIST_FILE = "HockeySDK/HockeySDK-Info.plist";
				IPHONEOS_DEPLOYMENT_TARGET = 6.0;
				PRODUCT_NAME = "$(TARGET_NAME)";
				PROVISIONING_PROFILE = "E9F782A5-2B8F-44FE-AE66-9C4D72C01C0B";
				SKIP_INSTALL = YES;
				WRAPPER_EXTENSION = app;
			};
			name = Debug;
		};
		1B9852E71922338000C32A5B /* Release */ = {
			isa = XCBuildConfiguration;
			buildSettings = {
				ASSETCATALOG_COMPILER_APPICON_NAME = AppIcon;
				ASSETCATALOG_COMPILER_LAUNCHIMAGE_NAME = LaunchImage;
				CODE_SIGN_IDENTITY = "iPhone Developer: Parvez Ali (EQQJ7L82R6)";
				FRAMEWORK_SEARCH_PATHS = (
					"$(inherited)",
					"$(PROJECT_DIR)/HockeySDK/HockeySDK-iOS/HockeySDK.embeddedframework",
				);
				GCC_PRECOMPILE_PREFIX_HEADER = YES;
				GCC_PREFIX_HEADER = "HockeySDK/HockeySDK-Prefix.pch";
				INFOPLIST_FILE = "HockeySDK/HockeySDK-Info.plist";
				IPHONEOS_DEPLOYMENT_TARGET = 6.0;
				PRODUCT_NAME = "$(TARGET_NAME)";
				PROVISIONING_PROFILE = "E9F782A5-2B8F-44FE-AE66-9C4D72C01C0B";
				SKIP_INSTALL = YES;
				WRAPPER_EXTENSION = app;
			};
			name = Release;
		};
		1B9852E91922338000C32A5B /* Debug */ = {
			isa = XCBuildConfiguration;
			buildSettings = {
				BUNDLE_LOADER = "$(BUILT_PRODUCTS_DIR)/HockeySDK.app/HockeySDK";
				FRAMEWORK_SEARCH_PATHS = (
					"$(SDKROOT)/Developer/Library/Frameworks",
					"$(inherited)",
					"$(DEVELOPER_FRAMEWORKS_DIR)",
				);
				GCC_PRECOMPILE_PREFIX_HEADER = YES;
				GCC_PREFIX_HEADER = "HockeySDK/HockeySDK-Prefix.pch";
				GCC_PREPROCESSOR_DEFINITIONS = (
					"DEBUG=1",
					"$(inherited)",
				);
				INFOPLIST_FILE = "HockeySDKTests/HockeySDKTests-Info.plist";
				PRODUCT_NAME = "$(TARGET_NAME)";
				TEST_HOST = "$(BUNDLE_LOADER)";
				WRAPPER_EXTENSION = xctest;
			};
			name = Debug;
		};
		1B9852EA1922338000C32A5B /* Release */ = {
			isa = XCBuildConfiguration;
			buildSettings = {
				BUNDLE_LOADER = "$(BUILT_PRODUCTS_DIR)/HockeySDK.app/HockeySDK";
				FRAMEWORK_SEARCH_PATHS = (
					"$(SDKROOT)/Developer/Library/Frameworks",
					"$(inherited)",
					"$(DEVELOPER_FRAMEWORKS_DIR)",
				);
				GCC_PRECOMPILE_PREFIX_HEADER = YES;
				GCC_PREFIX_HEADER = "HockeySDK/HockeySDK-Prefix.pch";
				INFOPLIST_FILE = "HockeySDKTests/HockeySDKTests-Info.plist";
				PRODUCT_NAME = "$(TARGET_NAME)";
				TEST_HOST = "$(BUNDLE_LOADER)";
				WRAPPER_EXTENSION = xctest;
			};
			name = Release;
		};
/* End XCBuildConfiguration section */

/* Begin XCConfigurationList section */
		1B9852AB1922338000C32A5B /* Build configuration list for PBXProject "HockeySDK" */ = {
			isa = XCConfigurationList;
			buildConfigurations = (
				1B9852E31922338000C32A5B /* Debug */,
				1B9852E41922338000C32A5B /* Release */,
			);
			defaultConfigurationIsVisible = 0;
			defaultConfigurationName = Release;
		};
		1B9852E51922338000C32A5B /* Build configuration list for PBXNativeTarget "HockeySDK" */ = {
			isa = XCConfigurationList;
			buildConfigurations = (
				1B9852E61922338000C32A5B /* Debug */,
				1B9852E71922338000C32A5B /* Release */,
			);
			defaultConfigurationIsVisible = 0;
		};
		1B9852E81922338000C32A5B /* Build configuration list for PBXNativeTarget "HockeySDKTests" */ = {
			isa = XCConfigurationList;
			buildConfigurations = (
				1B9852E91922338000C32A5B /* Debug */,
				1B9852EA1922338000C32A5B /* Release */,
			);
			defaultConfigurationIsVisible = 0;
		};
/* End XCConfigurationList section */
	};
	rootObject = 1B9852A81922338000C32A5B /* Project object */;
}
