<?xml version="1.0" encoding="UTF-8"?>
<Scheme
   LastUpgradeVersion = "0510"
   version = "1.7">
   <BuildAction
      parallelizeBuildables = "YES"
      buildImplicitDependencies = "YES">
      <BuildActionEntries>
         <BuildActionEntry
            buildForTesting = "YES"
            buildForRunning = "YES"
            buildForProfiling = "YES"
            buildForArchiving = "YES"
            buildForAnalyzing = "YES">
            <BuildableReference
               BuildableIdentifier = "primary"
               BlueprintIdentifier = "1B9852AF1922338000C32A5B"
               BuildableName = "HockeySDK.app"
               BlueprintName = "HockeySDK"
               ReferencedContainer = "container:HockeySDK.xcodeproj">
            </BuildableReference>
         </BuildActionEntry>
      </BuildActionEntries>
   </BuildAction>
   <TestAction
      selectedDebuggerIdentifier = "Xcode.DebuggerFoundation.Debugger.LLDB"
      selectedLauncherIdentifier = "Xcode.DebuggerFoundation.Launcher.LLDB"
      shouldUseLaunchSchemeArgsEnv = "YES"
      buildConfiguration = "Debug">
      <Testables>
         <TestableReference
            skipped = "NO">
            <BuildableReference
               BuildableIdentifier = "primary"
               BlueprintIdentifier = "1B9852D31922338000C32A5B"
               BuildableName = "HockeySDKTests.xctest"
               BlueprintName = "HockeySDKTests"
               ReferencedContainer = "container:HockeySDK.xcodeproj">
            </BuildableReference>
         </TestableReference>
      </Testables>
      <MacroExpansion>
         <BuildableReference
            BuildableIdentifier = "primary"
            BlueprintIdentifier = "1B9852AF1922338000C32A5B"
            BuildableName = "HockeySDK.app"
            BlueprintName = "HockeySDK"
            ReferencedContainer = "container:HockeySDK.xcodeproj">
         </BuildableReference>
      </MacroExpansion>
   </TestAction>
   <LaunchAction
      selectedDebuggerIdentifier = "Xcode.DebuggerFoundation.Debugger.LLDB"
      selectedLauncherIdentifier = "Xcode.DebuggerFoundation.Launcher.LLDB"
      launchStyle = "0"
      useCustomWorkingDirectory = "NO"
      buildConfiguration = "Debug"
      ignoresPersistentStateOnLaunch = "NO"
      debugDocumentVersioning = "YES"
      allowLocationSimulation = "YES">
      <BuildableProductRunnable>
         <BuildableReference
            BuildableIdentifier = "primary"
            BlueprintIdentifier = "1B9852AF1922338000C32A5B"
            BuildableName = "HockeySDK.app"
            BlueprintName = "HockeySDK"
            ReferencedContainer = "container:HockeySDK.xcodeproj">
         </BuildableReference>
      </BuildableProductRunnable>
      <AdditionalOptions>
      </AdditionalOptions>
   </LaunchAction>
   <ProfileAction
      shouldUseLaunchSchemeArgsEnv = "YES"
      savedToolIdentifier = ""
      useCustomWorkingDirectory = "NO"
      buildConfiguration = "Release"
      debugDocumentVersioning = "YES">
      <BuildableProductRunnable>
         <BuildableReference
            BuildableIdentifier = "primary"
            BlueprintIdentifier = "1B9852AF1922338000C32A5B"
            BuildableName = "HockeySDK.app"
            BlueprintName = "HockeySDK"
            ReferencedContainer = "container:HockeySDK.xcodeproj">
         </BuildableReference>
      </BuildableProductRunnable>
   </ProfileAction>
   <AnalyzeAction
      buildConfiguration = "Debug">
   </AnalyzeAction>
   <ArchiveAction
      buildConfiguration = "Release"
      revealArchiveInOrganizer = "YES">
      <PostActions>
         <ExecutionAction
            ActionType = "Xcode.IDEStandardExecutionActionsCore.ExecutionActionType.ShellScriptAction">
            <ActionContent
               title = "Run Script"
               scriptText = "# Valid and working as of 04/21/2014&#10;# Xcode 5.1.1, XCode Server&#10;#&#10;&#10;#Settings&#10;API_TOKEN=&quot;722b4d15627142a6b9c40680fc6231cc&quot; # &quot;This can be found here: https://rink.hockeyapp.net/manage/auth_tokens&quot;&#10;AP_ID=&quot;365e018da5ff1966726f6ba15409df53&quot;&#10;DISTRIBUTION_LISTS=&quot;deerepoc&quot;&#10;PROVISIONING_PROFILE=&quot;/Library/Server/Xcode/Data/ProvisioningProfiles/iOS_Team_Provisioning_Profile_comyash.mobileprovision&quot;&#10;#EXAMPLE:&quot;/Library/Server/Xcode/Data/ProvisioningProfiles/DocLink_InHouse_2013.mobileprovision&quot;&#10;NOTIFY=&quot;1&quot;&#10;# 0 - Do not notify, 1 - Notify users by e-mail&#10;STATUS=&quot;2&quot;&#10;# 1 - Don&apos;t allow users to download, 2 - Available for download&#10;MANDATORY=&quot;0&quot;&#10;# 0 - No, 1 - Yes&#10;SIGNING_IDENTITY=&quot;iPhone Developer: Parvez Ali (EQQJ7L82R6)&quot;&#10;#EXAMPLE:&quot;iPhone Distribution: Unwired Revolution, LLC.&quot;&#10;&#10;# Getting latest commit message&#10;echo &quot;Getting latest commit message&quot;&#10;latest=$(ls -1td /Library/Server/Xcode/Data/BotRuns/Bot* | head -n 1)&#10;echo ${latest}&#10;substringOn=0&#10;blankLineCount=0&#10;commitsString=$(cat ${latest}/output/scm_commit*.log |&#10;awk &apos;{&#10;if (match($0, &quot;CommitDate&quot;) == 1) {&#10;    substringOn=1&#10;    blankLineCount=0&#10;}&#10;if (substringOn==1) {&#10;    if ($0 != &quot;&quot;) {&#10;        if (blankLineCount==1)  {&#10;            sub(/^[ \t]+/, &quot;&quot;,$0)&#10;            print $0&#10;        }&#10;    } else&#10;    blankLineCount++&#10;}&#10;}&apos;)&#10;echo ${commitsString}&#10;&#10;# DO NOT EDIT BELOW HERE!&#10;########################################&#10;DSYM=&quot;/tmp/Archive.xcarchive/dSYMs/${PRODUCT_NAME}.app.dSYM&quot;&#10;&#10;IPA=&quot;/tmp/${PRODUCT_NAME}.ipa&quot;&#10;&#10;APP=&quot;/tmp/Archive.xcarchive/Products/Applications/${PRODUCT_NAME}.app&quot;&#10;&#10;# Clear out any old copies of the Archive&#10;echo &quot;Removing old Archive files from /tmp...&quot;;&#10;/bin/rm -rf /tmp/Archive.xcarchive*&#10;&#10;#Copy over the latest build the bot just created&#10;echo &quot;Copying latest Archive to /tmp/...&quot;;&#10;LATESTBUILD=$(ls -1rt /Library/Server/Xcode/Data/BotRuns | tail -1)&#10;/bin/cp -Rp &quot;/Library/Server/Xcode/Data/BotRuns/${LATESTBUILD}/output/Archive.xcarchive&quot; &quot;/tmp/&quot;&#10;&#10;echo &quot;Creating .ipa for ${PRODUCT_NAME}&quot;&#10;/bin/rm &quot;${IPA}&quot;&#10;/usr/bin/xcrun -sdk iphoneos PackageApplication -v &quot;${APP}&quot; -o &quot;${IPA}&quot; --sign &quot;${SIGNING_IDENTITY}&quot; --embed &quot;${PROVISIONING_PROFILE}&quot;&#10;&#10;echo &quot;Done with IPA creation.&quot;&#10;&#10;echo &quot;Zipping .dSYM for ${PRODUCT_NAME}&quot;&#10;/bin/rm &quot;${DSYM}.zip&quot;&#10;/usr/bin/zip -r &quot;${DSYM}.zip&quot; &quot;${DSYM}&quot;&#10;&#10;echo &quot;Created .dSYM for ${PRODUCT_NAME}&quot;&#10;&#10;echo &quot;*** Uploading ${PRODUCT_NAME} to HockeyApp ***&quot;&#10;/usr/bin/curl &quot;https://rink.hockeyapp.net/api/2/apps/${AP_ID}/app_versions/upload&quot; \&#10;-F notify=&quot;${NOTIFY}&quot; \&#10;-F status=&quot;${STATUS}&quot; \&#10;-F mandatory=&quot;${MANDATORY}&quot; \&#10;-F ipa=@&quot;${IPA}&quot; \&#10;-F dsym=@&quot;${DSYM}.zip&quot; \&#10;-F notes=&quot;${commitsString}&quot; \&#10;-F tags=&quot;${DISTRIBUTION_LISTS}&quot; \&#10;-H &quot;X-HockeyAppToken: ${API_TOKEN}&quot;&#10;&#10;echo &quot;HockeyApp upload finished!&quot;">
               <EnvironmentBuildable>
                  <BuildableReference
                     BuildableIdentifier = "primary"
                     BlueprintIdentifier = "1B9852AF1922338000C32A5B"
                     BuildableName = "HockeySDK.app"
                     BlueprintName = "HockeySDK"
                     ReferencedContainer = "container:HockeySDK.xcodeproj">
                  </BuildableReference>
               </EnvironmentBuildable>
            </ActionContent>
         </ExecutionAction>
      </PostActions>
   </ArchiveAction>
</Scheme>
